
Microsoft Visual Studio Solution File, Format Version 12.00
# Visual Studio 15
VisualStudioVersion = 15.0.27004.2005
MinimumVisualStudioVersion = 10.0.40219.1
Project("{2150E333-8FDC-42A3-9474-1A3956D46DE8}") = "Root", "Root", "{2006EFF1-6494-4C64-B26C-FBD91E911314}"
	ProjectSection(SolutionItems) = preProject
		..\.gitignore = ..\.gitignore
		..\LICENSE = ..\LICENSE
		..\README.md = ..\README.md
	EndProjectSection
EndProject
Project("{2150E333-8FDC-42A3-9474-1A3956D46DE8}") = "Source", "Source", "{FD156518-0789-4B32-B21D-521167251A2B}"
EndProject
Project("{2150E333-8FDC-42A3-9474-1A3956D46DE8}") = "Documentation", "Documentation", "{BCA8A52A-222B-4CC5-BC41-118AD6C11EAC}"
EndProject
Project("{2150E333-8FDC-42A3-9474-1A3956D46DE8}") = "Backend", "Backend", "{F3175999-E6D9-4DA3-BBD7-94DBACB95B7B}"
EndProject
Project("{9A19103F-16F7-4668-BE54-9A1E7A4F7556}") = "Kf.Numaris.Api", "Backend\Kf.Numaris.Api\Kf.Numaris.Api.csproj", "{3F38F862-6B51-47E2-8EC6-885FB3519B63}"
EndProject
Project("{9A19103F-16F7-4668-BE54-9A1E7A4F7556}") = "Kf.Numaris.Api.Tests", "Backend\Kf.Numaris.Api.Tests\Kf.Numaris.Api.Tests.csproj", "{FF11C384-FFF8-4186-89ED-968870BBC245}"
EndProject
Project("{2150E333-8FDC-42A3-9474-1A3956D46DE8}") = "Implementations", "Implementations", "{2437A1B0-663B-43C5-9005-748000B49DD8}"
EndProject
Project("{2150E333-8FDC-42A3-9474-1A3956D46DE8}") = "Examples", "Examples", "{660705F0-D3FF-497E-A4E1-EA7CE8BF76FC}"
EndProject
Project("{9A19103F-16F7-4668-BE54-9A1E7A4F7556}") = "Kf.Numaris.Api.Implementation.Autofac", "Backend\Kf.Numaris.Api.Implementation.Autofac\Kf.Numaris.Api.Implementation.Autofac.csproj", "{C35CCB78-95A2-491D-B038-2164955E856F}"
EndProject
Project("{9A19103F-16F7-4668-BE54-9A1E7A4F7556}") = "Kf.Numaris.Examples.ConsoleApplication", "..\Examples\Kf.Numaris.Examples.ConsoleApplication\Kf.Numaris.Examples.ConsoleApplication.csproj", "{1EC1D9C6-7868-4496-8309-9BD3E4D8D645}"
EndProject
Project("{2150E333-8FDC-42A3-9474-1A3956D46DE8}") = "Resources", "Resources", "{B755973C-5128-47CB-B404-0BA72B2B71BE}"
EndProject
Project("{2150E333-8FDC-42A3-9474-1A3956D46DE8}") = "Images", "Images", "{47123ADB-0609-412D-956E-4E173F99D5AB}"
	ProjectSection(SolutionItems) = preProject
		..\Resources\Images\logo-numaris.jpg = ..\Resources\Images\logo-numaris.jpg
		..\Resources\Images\logo-numaris.png = ..\Resources\Images\logo-numaris.png
		..\Resources\Images\logo-numaris.psd = ..\Resources\Images\logo-numaris.psd
	EndProjectSection
EndProject
Project("{9A19103F-16F7-4668-BE54-9A1E7A4F7556}") = "Kf.Numaris.Implementations", "Implementations\Kf.Numaris.Implementations\Kf.Numaris.Implementations.csproj", "{C02832F3-8236-4130-9FDB-A507C084D584}"
EndProject
Project("{9A19103F-16F7-4668-BE54-9A1E7A4F7556}") = "Kf.Numaris.Implementations.Tests", "Implementations\Kf.Numaris.Implementations.Tests\Kf.Numaris.Implementations.Tests.csproj", "{309D82B8-5F4C-4D1C-B680-8DE4FF522117}"
EndProject
Project("{FAE04EC0-301F-11D3-BF4B-00C04F79EFBC}") = "Kf.Numaris.Implementations.InszNumber", "Implementations\Kf.Numaris.Implementations.InszNumber\Kf.Numaris.Implementations.InszNumber.csproj", "{A6FECDD9-4288-4276-B36D-4700C12FF703}"
EndProject
Global
	GlobalSection(SolutionConfigurationPlatforms) = preSolution
		Debug|Any CPU = Debug|Any CPU
		Release|Any CPU = Release|Any CPU
	EndGlobalSection
	GlobalSection(ProjectConfigurationPlatforms) = postSolution
		{3F38F862-6B51-47E2-8EC6-885FB3519B63}.Debug|Any CPU.ActiveCfg = Debug|Any CPU
		{3F38F862-6B51-47E2-8EC6-885FB3519B63}.Debug|Any CPU.Build.0 = Debug|Any CPU
		{3F38F862-6B51-47E2-8EC6-885FB3519B63}.Release|Any CPU.ActiveCfg = Release|Any CPU
		{3F38F862-6B51-47E2-8EC6-885FB3519B63}.Release|Any CPU.Build.0 = Release|Any CPU
		{FF11C384-FFF8-4186-89ED-968870BBC245}.Debug|Any CPU.ActiveCfg = Debug|Any CPU
		{FF11C384-FFF8-4186-89ED-968870BBC245}.Debug|Any CPU.Build.0 = Debug|Any CPU
		{FF11C384-FFF8-4186-89ED-968870BBC245}.Release|Any CPU.ActiveCfg = Release|Any CPU
		{FF11C384-FFF8-4186-89ED-968870BBC245}.Release|Any CPU.Build.0 = Release|Any CPU
		{C35CCB78-95A2-491D-B038-2164955E856F}.Debug|Any CPU.ActiveCfg = Debug|Any CPU
		{C35CCB78-95A2-491D-B038-2164955E856F}.Debug|Any CPU.Build.0 = Debug|Any CPU
		{C35CCB78-95A2-491D-B038-2164955E856F}.Release|Any CPU.ActiveCfg = Release|Any CPU
		{C35CCB78-95A2-491D-B038-2164955E856F}.Release|Any CPU.Build.0 = Release|Any CPU
		{1EC1D9C6-7868-4496-8309-9BD3E4D8D645}.Debug|Any CPU.ActiveCfg = Debug|Any CPU
		{1EC1D9C6-7868-4496-8309-9BD3E4D8D645}.Debug|Any CPU.Build.0 = Debug|Any CPU
		{1EC1D9C6-7868-4496-8309-9BD3E4D8D645}.Release|Any CPU.ActiveCfg = Release|Any CPU
		{1EC1D9C6-7868-4496-8309-9BD3E4D8D645}.Release|Any CPU.Build.0 = Release|Any CPU
		{C02832F3-8236-4130-9FDB-A507C084D584}.Debug|Any CPU.ActiveCfg = Debug|Any CPU
		{C02832F3-8236-4130-9FDB-A507C084D584}.Debug|Any CPU.Build.0 = Debug|Any CPU
		{C02832F3-8236-4130-9FDB-A507C084D584}.Release|Any CPU.ActiveCfg = Release|Any CPU
		{C02832F3-8236-4130-9FDB-A507C084D584}.Release|Any CPU.Build.0 = Release|Any CPU
		{309D82B8-5F4C-4D1C-B680-8DE4FF522117}.Debug|Any CPU.ActiveCfg = Debug|Any CPU
		{309D82B8-5F4C-4D1C-B680-8DE4FF522117}.Debug|Any CPU.Build.0 = Debug|Any CPU
		{309D82B8-5F4C-4D1C-B680-8DE4FF522117}.Release|Any CPU.ActiveCfg = Release|Any CPU
		{309D82B8-5F4C-4D1C-B680-8DE4FF522117}.Release|Any CPU.Build.0 = Release|Any CPU
		{A6FECDD9-4288-4276-B36D-4700C12FF703}.Debug|Any CPU.ActiveCfg = Debug|Any CPU
		{A6FECDD9-4288-4276-B36D-4700C12FF703}.Debug|Any CPU.Build.0 = Debug|Any CPU
		{A6FECDD9-4288-4276-B36D-4700C12FF703}.Release|Any CPU.ActiveCfg = Release|Any CPU
		{A6FECDD9-4288-4276-B36D-4700C12FF703}.Release|Any CPU.Build.0 = Release|Any CPU
	EndGlobalSection
	GlobalSection(SolutionProperties) = preSolution
		HideSolutionNode = FALSE
	EndGlobalSection
	GlobalSection(NestedProjects) = preSolution
		{F3175999-E6D9-4DA3-BBD7-94DBACB95B7B} = {FD156518-0789-4B32-B21D-521167251A2B}
		{3F38F862-6B51-47E2-8EC6-885FB3519B63} = {F3175999-E6D9-4DA3-BBD7-94DBACB95B7B}
		{FF11C384-FFF8-4186-89ED-968870BBC245} = {F3175999-E6D9-4DA3-BBD7-94DBACB95B7B}
		{2437A1B0-663B-43C5-9005-748000B49DD8} = {FD156518-0789-4B32-B21D-521167251A2B}
		{C35CCB78-95A2-491D-B038-2164955E856F} = {F3175999-E6D9-4DA3-BBD7-94DBACB95B7B}
		{1EC1D9C6-7868-4496-8309-9BD3E4D8D645} = {660705F0-D3FF-497E-A4E1-EA7CE8BF76FC}
		{47123ADB-0609-412D-956E-4E173F99D5AB} = {B755973C-5128-47CB-B404-0BA72B2B71BE}
		{C02832F3-8236-4130-9FDB-A507C084D584} = {2437A1B0-663B-43C5-9005-748000B49DD8}
		{309D82B8-5F4C-4D1C-B680-8DE4FF522117} = {2437A1B0-663B-43C5-9005-748000B49DD8}
		{A6FECDD9-4288-4276-B36D-4700C12FF703} = {2437A1B0-663B-43C5-9005-748000B49DD8}
	EndGlobalSection
	GlobalSection(ExtensibilityGlobals) = postSolution
		SolutionGuid = {71302D3A-AB57-4A51-800F-9973B307F8C4}
	EndGlobalSection
EndGlobal
